
Microsoft Visual Studio Solution File, Format Version 12.00
# Visual Studio 2013
VisualStudioVersion = 12.0.30501.0
MinimumVisualStudioVersion = 10.0.40219.1
Project("{8BC9CEB8-8B4A-11D0-8D11-00A0C91BC942}") = "arithmetic", "arithmetic\arithmetic.vcxproj", "{E78909DB-9884-498C-822E-C855FAB82BBC}"
EndProject
Project("{8BC9CEB8-8B4A-11D0-8D11-00A0C91BC942}") = "Test1", "Test1\Test1.vcxproj", "{813541C0-90EB-4066-91FA-3A44A627562F}"
EndProject
Project("{8BC9CEB8-8B4A-11D0-8D11-00A0C91BC942}") = "Test2", "Test2\Test2.vcxproj", "{9570491C-0E13-4986-AE42-F9CC1C23BA46}"
EndProject
Project("{8BC9CEB8-8B4A-11D0-8D11-00A0C91BC942}") = "Test3", "Test3\Test3.vcxproj", "{FEB1E59A-058B-4716-9F9A-3ECB659B4182}"
EndProject
Project("{8BC9CEB8-8B4A-11D0-8D11-00A0C91BC942}") = "Test4", "Test4\Test4.vcxproj", "{7BC39C76-DA04-4969-9313-D6CE7C4D84C9}"
EndProject
Project("{8BC9CEB8-8B4A-11D0-8D11-00A0C91BC942}") = "Test6", "Test6\Test6.vcxproj", "{B8534E1D-CDE9-4A19-8E06-1B1D1F743076}"
EndProject
Project("{8BC9CEB8-8B4A-11D0-8D11-00A0C91BC942}") = "Test5", "Test5\Test5.vcxproj", "{765EEAF2-BC3F-48BD-AA76-C1C22EC0545F}"
EndProject
Project("{8BC9CEB8-8B4A-11D0-8D11-00A0C91BC942}") = "Test7", "Test7\Test7.vcxproj", "{600BDB21-54F6-4E2E-B339-14952679BE26}"
EndProject
Project("{8BC9CEB8-8B4A-11D0-8D11-00A0C91BC942}") = "Test8", "Test8\Test8.vcxproj", "{A333E159-AC24-4C14-89BA-1D1E2DA7D02B}"
EndProject
Project("{8BC9CEB8-8B4A-11D0-8D11-00A0C91BC942}") = "Test9", "Test9\Test9.vcxproj", "{58C8A2BA-C79C-47EC-A9BA-75FFAAAFD745}"
EndProject
Project("{8BC9CEB8-8B4A-11D0-8D11-00A0C91BC942}") = "Test11", "Test11\Test11.vcxproj", "{4E1142B3-FF1D-47BF-B5E4-99D788AD0D3C}"
EndProject
Project("{8BC9CEB8-8B4A-11D0-8D11-00A0C91BC942}") = "Test12", "Test12\Test12.vcxproj", "{C33C7CC0-5084-487F-B30B-7E4CD30BB86C}"
EndProject
Project("{8BC9CEB8-8B4A-11D0-8D11-00A0C91BC942}") = "Test13", "Test13\Test13.vcxproj", "{14F64272-B454-4151-85A0-7ACB3C8FC13A}"
EndProject
Project("{8BC9CEB8-8B4A-11D0-8D11-00A0C91BC942}") = "Test14", "Test14\Test14.vcxproj", "{B36F5ECD-D75B-42D3-9407-92B99B41531B}"
EndProject
Project("{8BC9CEB8-8B4A-11D0-8D11-00A0C91BC942}") = "Test15", "Test15\Test15.vcxproj", "{009715F6-37AC-4360-B5C1-993EE982771F}"
EndProject
Project("{8BC9CEB8-8B4A-11D0-8D11-00A0C91BC942}") = "Test16", "Test16\Test16.vcxproj", "{E419CB57-6308-4786-B5F8-94656FA821B0}"
EndProject
Project("{8BC9CEB8-8B4A-11D0-8D11-00A0C91BC942}") = "Test17", "Test17\Test17.vcxproj", "{E91E0417-0D6E-40DA-9523-50C0AC2A7B84}"
EndProject
Project("{8BC9CEB8-8B4A-11D0-8D11-00A0C91BC942}") = "Test18", "Test18\Test18.vcxproj", "{46AD6F10-1299-4A25-B43E-6C4FC6F5C6C7}"
EndProject
Project("{8BC9CEB8-8B4A-11D0-8D11-00A0C91BC942}") = "Test19", "Test19\Test19.vcxproj", "{77E31889-8BAB-439B-9A9E-57C9F14EDCA9}"
EndProject
Global
	GlobalSection(SolutionConfigurationPlatforms) = preSolution
		Debug|Win32 = Debug|Win32
		Release|Win32 = Release|Win32
	EndGlobalSection
	GlobalSection(ProjectConfigurationPlatforms) = postSolution
		{E78909DB-9884-498C-822E-C855FAB82BBC}.Debug|Win32.ActiveCfg = Debug|Win32
		{E78909DB-9884-498C-822E-C855FAB82BBC}.Debug|Win32.Build.0 = Debug|Win32
		{E78909DB-9884-498C-822E-C855FAB82BBC}.Release|Win32.ActiveCfg = Release|Win32
		{E78909DB-9884-498C-822E-C855FAB82BBC}.Release|Win32.Build.0 = Release|Win32
		{813541C0-90EB-4066-91FA-3A44A627562F}.Debug|Win32.ActiveCfg = Debug|Win32
		{813541C0-90EB-4066-91FA-3A44A627562F}.Debug|Win32.Build.0 = Debug|Win32
		{813541C0-90EB-4066-91FA-3A44A627562F}.Release|Win32.ActiveCfg = Release|Win32
		{813541C0-90EB-4066-91FA-3A44A627562F}.Release|Win32.Build.0 = Release|Win32
		{9570491C-0E13-4986-AE42-F9CC1C23BA46}.Debug|Win32.ActiveCfg = Debug|Win32
		{9570491C-0E13-4986-AE42-F9CC1C23BA46}.Debug|Win32.Build.0 = Debug|Win32
		{9570491C-0E13-4986-AE42-F9CC1C23BA46}.Release|Win32.ActiveCfg = Release|Win32
		{9570491C-0E13-4986-AE42-F9CC1C23BA46}.Release|Win32.Build.0 = Release|Win32
		{FEB1E59A-058B-4716-9F9A-3ECB659B4182}.Debug|Win32.ActiveCfg = Debug|Win32
		{FEB1E59A-058B-4716-9F9A-3ECB659B4182}.Debug|Win32.Build.0 = Debug|Win32
		{FEB1E59A-058B-4716-9F9A-3ECB659B4182}.Release|Win32.ActiveCfg = Release|Win32
		{FEB1E59A-058B-4716-9F9A-3ECB659B4182}.Release|Win32.Build.0 = Release|Win32
		{7BC39C76-DA04-4969-9313-D6CE7C4D84C9}.Debug|Win32.ActiveCfg = Debug|Win32
		{7BC39C76-DA04-4969-9313-D6CE7C4D84C9}.Debug|Win32.Build.0 = Debug|Win32
		{7BC39C76-DA04-4969-9313-D6CE7C4D84C9}.Release|Win32.ActiveCfg = Release|Win32
		{7BC39C76-DA04-4969-9313-D6CE7C4D84C9}.Release|Win32.Build.0 = Release|Win32
		{B8534E1D-CDE9-4A19-8E06-1B1D1F743076}.Debug|Win32.ActiveCfg = Debug|Win32
		{B8534E1D-CDE9-4A19-8E06-1B1D1F743076}.Debug|Win32.Build.0 = Debug|Win32
		{B8534E1D-CDE9-4A19-8E06-1B1D1F743076}.Release|Win32.ActiveCfg = Release|Win32
		{B8534E1D-CDE9-4A19-8E06-1B1D1F743076}.Release|Win32.Build.0 = Release|Win32
		{765EEAF2-BC3F-48BD-AA76-C1C22EC0545F}.Debug|Win32.ActiveCfg = Debug|Win32
		{765EEAF2-BC3F-48BD-AA76-C1C22EC0545F}.Debug|Win32.Build.0 = Debug|Win32
		{765EEAF2-BC3F-48BD-AA76-C1C22EC0545F}.Release|Win32.ActiveCfg = Release|Win32
		{765EEAF2-BC3F-48BD-AA76-C1C22EC0545F}.Release|Win32.Build.0 = Release|Win32
		{600BDB21-54F6-4E2E-B339-14952679BE26}.Debug|Win32.ActiveCfg = Debug|Win32
		{600BDB21-54F6-4E2E-B339-14952679BE26}.Debug|Win32.Build.0 = Debug|Win32
		{600BDB21-54F6-4E2E-B339-14952679BE26}.Release|Win32.ActiveCfg = Release|Win32
		{600BDB21-54F6-4E2E-B339-14952679BE26}.Release|Win32.Build.0 = Release|Win32
		{A333E159-AC24-4C14-89BA-1D1E2DA7D02B}.Debug|Win32.ActiveCfg = Debug|Win32
		{A333E159-AC24-4C14-89BA-1D1E2DA7D02B}.Debug|Win32.Build.0 = Debug|Win32
		{A333E159-AC24-4C14-89BA-1D1E2DA7D02B}.Release|Win32.ActiveCfg = Release|Win32
		{A333E159-AC24-4C14-89BA-1D1E2DA7D02B}.Release|Win32.Build.0 = Release|Win32
		{58C8A2BA-C79C-47EC-A9BA-75FFAAAFD745}.Debug|Win32.ActiveCfg = Debug|Win32
		{58C8A2BA-C79C-47EC-A9BA-75FFAAAFD745}.Debug|Win32.Build.0 = Debug|Win32
		{58C8A2BA-C79C-47EC-A9BA-75FFAAAFD745}.Release|Win32.ActiveCfg = Release|Win32
		{58C8A2BA-C79C-47EC-A9BA-75FFAAAFD745}.Release|Win32.Build.0 = Release|Win32
		{4E1142B3-FF1D-47BF-B5E4-99D788AD0D3C}.Debug|Win32.ActiveCfg = Debug|Win32
		{4E1142B3-FF1D-47BF-B5E4-99D788AD0D3C}.Debug|Win32.Build.0 = Debug|Win32
		{4E1142B3-FF1D-47BF-B5E4-99D788AD0D3C}.Release|Win32.ActiveCfg = Release|Win32
		{4E1142B3-FF1D-47BF-B5E4-99D788AD0D3C}.Release|Win32.Build.0 = Release|Win32
		{C33C7CC0-5084-487F-B30B-7E4CD30BB86C}.Debug|Win32.ActiveCfg = Debug|Win32
		{C33C7CC0-5084-487F-B30B-7E4CD30BB86C}.Debug|Win32.Build.0 = Debug|Win32
		{C33C7CC0-5084-487F-B30B-7E4CD30BB86C}.Release|Win32.ActiveCfg = Release|Win32
		{C33C7CC0-5084-487F-B30B-7E4CD30BB86C}.Release|Win32.Build.0 = Release|Win32
		{14F64272-B454-4151-85A0-7ACB3C8FC13A}.Debug|Win32.ActiveCfg = Debug|Win32
		{14F64272-B454-4151-85A0-7ACB3C8FC13A}.Debug|Win32.Build.0 = Debug|Win32
		{14F64272-B454-4151-85A0-7ACB3C8FC13A}.Release|Win32.ActiveCfg = Release|Win32
		{14F64272-B454-4151-85A0-7ACB3C8FC13A}.Release|Win32.Build.0 = Release|Win32
		{B36F5ECD-D75B-42D3-9407-92B99B41531B}.Debug|Win32.ActiveCfg = Debug|Win32
		{B36F5ECD-D75B-42D3-9407-92B99B41531B}.Debug|Win32.Build.0 = Debug|Win32
		{B36F5ECD-D75B-42D3-9407-92B99B41531B}.Release|Win32.ActiveCfg = Release|Win32
		{B36F5ECD-D75B-42D3-9407-92B99B41531B}.Release|Win32.Build.0 = Release|Win32
		{009715F6-37AC-4360-B5C1-993EE982771F}.Debug|Win32.ActiveCfg = Debug|Win32
		{009715F6-37AC-4360-B5C1-993EE982771F}.Debug|Win32.Build.0 = Debug|Win32
		{009715F6-37AC-4360-B5C1-993EE982771F}.Release|Win32.ActiveCfg = Release|Win32
		{009715F6-37AC-4360-B5C1-993EE982771F}.Release|Win32.Build.0 = Release|Win32
		{E419CB57-6308-4786-B5F8-94656FA821B0}.Debug|Win32.ActiveCfg = Debug|Win32
		{E419CB57-6308-4786-B5F8-94656FA821B0}.Debug|Win32.Build.0 = Debug|Win32
		{E419CB57-6308-4786-B5F8-94656FA821B0}.Release|Win32.ActiveCfg = Release|Win32
		{E419CB57-6308-4786-B5F8-94656FA821B0}.Release|Win32.Build.0 = Release|Win32
		{E91E0417-0D6E-40DA-9523-50C0AC2A7B84}.Debug|Win32.ActiveCfg = Debug|Win32
		{E91E0417-0D6E-40DA-9523-50C0AC2A7B84}.Debug|Win32.Build.0 = Debug|Win32
		{E91E0417-0D6E-40DA-9523-50C0AC2A7B84}.Release|Win32.ActiveCfg = Release|Win32
		{E91E0417-0D6E-40DA-9523-50C0AC2A7B84}.Release|Win32.Build.0 = Release|Win32
		{46AD6F10-1299-4A25-B43E-6C4FC6F5C6C7}.Debug|Win32.ActiveCfg = Debug|Win32
		{46AD6F10-1299-4A25-B43E-6C4FC6F5C6C7}.Debug|Win32.Build.0 = Debug|Win32
		{46AD6F10-1299-4A25-B43E-6C4FC6F5C6C7}.Release|Win32.ActiveCfg = Release|Win32
		{46AD6F10-1299-4A25-B43E-6C4FC6F5C6C7}.Release|Win32.Build.0 = Release|Win32
		{77E31889-8BAB-439B-9A9E-57C9F14EDCA9}.Debug|Win32.ActiveCfg = Debug|Win32
		{77E31889-8BAB-439B-9A9E-57C9F14EDCA9}.Debug|Win32.Build.0 = Debug|Win32
		{77E31889-8BAB-439B-9A9E-57C9F14EDCA9}.Release|Win32.ActiveCfg = Release|Win32
		{77E31889-8BAB-439B-9A9E-57C9F14EDCA9}.Release|Win32.Build.0 = Release|Win32
	EndGlobalSection
	GlobalSection(SolutionProperties) = preSolution
		HideSolutionNode = FALSE
	EndGlobalSection
EndGlobal
